// !$*UTF8*$!
{
	archiveVersion = 1;
	classes = {
	};
	objectVersion = 46;
	objects = {

/* Begin PBXBuildFile section */
		361C3ACF1946D169006FEB68 /* AppDelegate.swift in Sources */ = {isa = PBXBuildFile; fileRef = 361C3ACE1946D169006FEB68 /* AppDelegate.swift */; };
		361C3AD21946D169006FEB68 /* PoopStain.xcdatamodeld in Sources */ = {isa = PBXBuildFile; fileRef = 361C3AD01946D169006FEB68 /* PoopStain.xcdatamodeld */; };
		361C3AD41946D169006FEB68 /* ViewController.swift in Sources */ = {isa = PBXBuildFile; fileRef = 361C3AD31946D169006FEB68 /* ViewController.swift */; };
		361C3AD71946D169006FEB68 /* Main.storyboard in Resources */ = {isa = PBXBuildFile; fileRef = 361C3AD51946D169006FEB68 /* Main.storyboard */; };
		361C3AD91946D169006FEB68 /* Images.xcassets in Resources */ = {isa = PBXBuildFile; fileRef = 361C3AD81946D169006FEB68 /* Images.xcassets */; };
		361C3AE51946D169006FEB68 /* PoopStainTests.swift in Sources */ = {isa = PBXBuildFile; fileRef = 361C3AE41946D169006FEB68 /* PoopStainTests.swift */; };
/* End PBXBuildFile section */

/* Begin PBXContainerItemProxy section */
		361C3ADF1946D169006FEB68 /* PBXContainerItemProxy */ = {
			isa = PBXContainerItemProxy;
			containerPortal = 361C3AC11946D169006FEB68 /* Project object */;
			proxyType = 1;
			remoteGlobalIDString = 361C3AC81946D169006FEB68;
			remoteInfo = PoopStain;
		};
/* End PBXContainerItemProxy section */

/* Begin PBXFileReference section */
		361C3AC91946D169006FEB68 /* PoopStain.app */ = {isa = PBXFileReference; explicitFileType = wrapper.application; includeInIndex = 0; path = PoopStain.app; sourceTree = BUILT_PRODUCTS_DIR; };
		361C3ACD1946D169006FEB68 /* Info.plist */ = {isa = PBXFileReference; lastKnownFileType = text.plist.xml; path = Info.plist; sourceTree = "<group>"; };
		361C3ACE1946D169006FEB68 /* AppDelegate.swift */ = {isa = PBXFileReference; lastKnownFileType = sourcecode.swift; path = AppDelegate.swift; sourceTree = "<group>"; };
		361C3AD11946D169006FEB68 /* PoopStain.xcdatamodel */ = {isa = PBXFileReference; lastKnownFileType = wrapper.xcdatamodel; path = PoopStain.xcdatamodel; sourceTree = "<group>"; };
		361C3AD31946D169006FEB68 /* ViewController.swift */ = {isa = PBXFileReference; lastKnownFileType = sourcecode.swift; path = ViewController.swift; sourceTree = "<group>"; };
		361C3AD61946D169006FEB68 /* Base */ = {isa = PBXFileReference; lastKnownFileType = file.storyboard; name = Base; path = Base.lproj/Main.storyboard; sourceTree = "<group>"; };
		361C3AD81946D169006FEB68 /* Images.xcassets */ = {isa = PBXFileReference; lastKnownFileType = folder.assetcatalog; path = Images.xcassets; sourceTree = "<group>"; };
		361C3ADE1946D169006FEB68 /* PoopStainTests.xctest */ = {isa = PBXFileReference; explicitFileType = wrapper.cfbundle; includeInIndex = 0; path = PoopStainTests.xctest; sourceTree = BUILT_PRODUCTS_DIR; };
		361C3AE31946D169006FEB68 /* Info.plist */ = {isa = PBXFileReference; lastKnownFileType = text.plist.xml; path = Info.plist; sourceTree = "<group>"; };
		361C3AE41946D169006FEB68 /* PoopStainTests.swift */ = {isa = PBXFileReference; lastKnownFileType = sourcecode.swift; path = PoopStainTests.swift; sourceTree = "<group>"; };
/* End PBXFileReference section */

/* Begin PBXFrameworksBuildPhase section */
		361C3AC61946D169006FEB68 /* Frameworks */ = {
			isa = PBXFrameworksBuildPhase;
			buildActionMask = 2147483647;
			files = (
			);
			runOnlyForDeploymentPostprocessing = 0;
		};
		361C3ADB1946D169006FEB68 /* Frameworks */ = {
			isa = PBXFrameworksBuildPhase;
			buildActionMask = 2147483647;
			files = (
			);
			runOnlyForDeploymentPostprocessing = 0;
		};
/* End PBXFrameworksBuildPhase section */

/* Begin PBXGroup section */
		361C3AC01946D169006FEB68 = {
			isa = PBXGroup;
			children = (
				361C3ACB1946D169006FEB68 /* PoopStain */,
				361C3AE11946D169006FEB68 /* PoopStainTests */,
				361C3ACA1946D169006FEB68 /* Products */,
			);
			sourceTree = "<group>";
		};
		361C3ACA1946D169006FEB68 /* Products */ = {
			isa = PBXGroup;
			children = (
				361C3AC91946D169006FEB68 /* PoopStain.app */,
				361C3ADE1946D169006FEB68 /* PoopStainTests.xctest */,
			);
			name = Products;
			sourceTree = "<group>";
		};
		361C3ACB1946D169006FEB68 /* PoopStain */ = {
			isa = PBXGroup;
			children = (
				361C3ACE1946D169006FEB68 /* AppDelegate.swift */,
				361C3AD31946D169006FEB68 /* ViewController.swift */,
				361C3AD51946D169006FEB68 /* Main.storyboard */,
				361C3AD81946D169006FEB68 /* Images.xcassets */,
				361C3AD01946D169006FEB68 /* PoopStain.xcdatamodeld */,
				361C3ACC1946D169006FEB68 /* Supporting Files */,
			);
			path = PoopStain;
			sourceTree = "<group>";
		};
		361C3ACC1946D169006FEB68 /* Supporting Files */ = {
			isa = PBXGroup;
			children = (
				361C3ACD1946D169006FEB68 /* Info.plist */,
			);
			name = "Supporting Files";
			sourceTree = "<group>";
		};
		361C3AE11946D169006FEB68 /* PoopStainTests */ = {
			isa = PBXGroup;
			children = (
				361C3AE41946D169006FEB68 /* PoopStainTests.swift */,
				361C3AE21946D169006FEB68 /* Supporting Files */,
			);
			path = PoopStainTests;
			sourceTree = "<group>";
		};
		361C3AE21946D169006FEB68 /* Supporting Files */ = {
			isa = PBXGroup;
			children = (
				361C3AE31946D169006FEB68 /* Info.plist */,
			);
			name = "Supporting Files";
			sourceTree = "<group>";
		};
/* End PBXGroup section */

/* Begin PBXNativeTarget section */
		361C3AC81946D169006FEB68 /* PoopStain */ = {
			isa = PBXNativeTarget;
			buildConfigurationList = 361C3AE81946D169006FEB68 /* Build configuration list for PBXNativeTarget "PoopStain" */;
			buildPhases = (
				361C3AC51946D169006FEB68 /* Sources */,
				361C3AC61946D169006FEB68 /* Frameworks */,
				361C3AC71946D169006FEB68 /* Resources */,
			);
			buildRules = (
			);
			dependencies = (
			);
			name = PoopStain;
			productName = PoopStain;
			productReference = 361C3AC91946D169006FEB68 /* PoopStain.app */;
			productType = "com.apple.product-type.application";
		};
		361C3ADD1946D169006FEB68 /* PoopStainTests */ = {
			isa = PBXNativeTarget;
			buildConfigurationList = 361C3AEB1946D169006FEB68 /* Build configuration list for PBXNativeTarget "PoopStainTests" */;
			buildPhases = (
				361C3ADA1946D169006FEB68 /* Sources */,
				361C3ADB1946D169006FEB68 /* Frameworks */,
				361C3ADC1946D169006FEB68 /* Resources */,
			);
			buildRules = (
			);
			dependencies = (
				361C3AE01946D169006FEB68 /* PBXTargetDependency */,
			);
			name = PoopStainTests;
			productName = PoopStainTests;
			productReference = 361C3ADE1946D169006FEB68 /* PoopStainTests.xctest */;
			productType = "com.apple.product-type.bundle.unit-test";
		};
/* End PBXNativeTarget section */

/* Begin PBXProject section */
		361C3AC11946D169006FEB68 /* Project object */ = {
			isa = PBXProject;
			attributes = {
				LastUpgradeCheck = 0600;
				ORGANIZATIONNAME = "Jakob Hartman";
				TargetAttributes = {
					361C3AC81946D169006FEB68 = {
						CreatedOnToolsVersion = 6.0;
					};
					361C3ADD1946D169006FEB68 = {
						CreatedOnToolsVersion = 6.0;
						TestTargetID = 361C3AC81946D169006FEB68;
					};
				};
			};
			buildConfigurationList = 361C3AC41946D169006FEB68 /* Build configuration list for PBXProject "PoopStain" */;
			compatibilityVersion = "Xcode 3.2";
			developmentRegion = English;
			hasScannedForEncodings = 0;
			knownRegions = (
				en,
				Base,
			);
			mainGroup = 361C3AC01946D169006FEB68;
			productRefGroup = 361C3ACA1946D169006FEB68 /* Products */;
			projectDirPath = "";
			projectRoot = "";
			targets = (
				361C3AC81946D169006FEB68 /* PoopStain */,
				361C3ADD1946D169006FEB68 /* PoopStainTests */,
			);
		};
/* End PBXProject section */

/* Begin PBXResourcesBuildPhase section */
		361C3AC71946D169006FEB68 /* Resources */ = {
			isa = PBXResourcesBuildPhase;
			buildActionMask = 2147483647;
			files = (
				361C3AD71946D169006FEB68 /* Main.storyboard in Resources */,
				361C3AD91946D169006FEB68 /* Images.xcassets in Resources */,
			);
			runOnlyForDeploymentPostprocessing = 0;
		};
		361C3ADC1946D169006FEB68 /* Resources */ = {
			isa = PBXResourcesBuildPhase;
			buildActionMask = 2147483647;
			files = (
			);
			runOnlyForDeploymentPostprocessing = 0;
		};
/* End PBXResourcesBuildPhase section */

/* Begin PBXSourcesBuildPhase section */
		361C3AC51946D169006FEB68 /* Sources */ = {
			isa = PBXSourcesBuildPhase;
			buildActionMask = 2147483647;
			files = (
				361C3AD41946D169006FEB68 /* ViewController.swift in Sources */,
				361C3ACF1946D169006FEB68 /* AppDelegate.swift in Sources */,
				361C3AD21946D169006FEB68 /* PoopStain.xcdatamodeld in Sources */,
			);
			runOnlyForDeploymentPostprocessing = 0;
		};
		361C3ADA1946D169006FEB68 /* Sources */ = {
			isa = PBXSourcesBuildPhase;
			buildActionMask = 2147483647;
			files = (
				361C3AE51946D169006FEB68 /* PoopStainTests.swift in Sources */,
			);
			runOnlyForDeploymentPostprocessing = 0;
		};
/* End PBXSourcesBuildPhase section */

/* Begin PBXTargetDependency section */
		361C3AE01946D169006FEB68 /* PBXTargetDependency */ = {
			isa = PBXTargetDependency;
			target = 361C3AC81946D169006FEB68 /* PoopStain */;
			targetProxy = 361C3ADF1946D169006FEB68 /* PBXContainerItemProxy */;
		};
/* End PBXTargetDependency section */

/* Begin PBXVariantGroup section */
		361C3AD51946D169006FEB68 /* Main.storyboard */ = {
			isa = PBXVariantGroup;
			children = (
				361C3AD61946D169006FEB68 /* Base */,
			);
			name = Main.storyboard;
			sourceTree = "<group>";
		};
/* End PBXVariantGroup section */

/* Begin XCBuildConfiguration section */
		361C3AE61946D169006FEB68 /* Debug */ = {
			isa = XCBuildConfiguration;
			buildSettings = {
				ALWAYS_SEARCH_USER_PATHS = NO;
				CLANG_CXX_LANGUAGE_STANDARD = "gnu++0x";
				CLANG_CXX_LIBRARY = "libc++";
				CLANG_ENABLE_MODULES = YES;
				CLANG_ENABLE_OBJC_ARC = YES;
				CLANG_WARN_BOOL_CONVERSION = YES;
				CLANG_WARN_CONSTANT_CONVERSION = YES;
				CLANG_WARN_DIRECT_OBJC_ISA_USAGE = YES_ERROR;
				CLANG_WARN_EMPTY_BODY = YES;
				CLANG_WARN_ENUM_CONVERSION = YES;
				CLANG_WARN_INT_CONVERSION = YES;
				CLANG_WARN_OBJC_ROOT_CLASS = YES_ERROR;
				CLANG_WARN_UNREACHABLE_CODE = YES;
				CLANG_WARN__DUPLICATE_METHOD_MATCH = YES;
				"CODE_SIGN_IDENTITY[sdk=iphoneos*]" = "iPhone Developer";
				COPY_PHASE_STRIP = NO;
				ENABLE_STRICT_OBJC_MSGSEND = YES;
				GCC_C_LANGUAGE_STANDARD = gnu99;
				GCC_DYNAMIC_NO_PIC = NO;
				GCC_OPTIMIZATION_LEVEL = 0;
				GCC_PREPROCESSOR_DEFINITIONS = (
					"DEBUG=1",
					"$(inherited)",
				);
				GCC_SYMBOLS_PRIVATE_EXTERN = NO;
				GCC_WARN_64_TO_32_BIT_CONVERSION = YES;
				GCC_WARN_ABOUT_RETURN_TYPE = YES_ERROR;
				GCC_WARN_UNDECLARED_SELECTOR = YES;
				GCC_WARN_UNINITIALIZED_AUTOS = YES_AGGRESSIVE;
				GCC_WARN_UNUSED_FUNCTION = YES;
				GCC_WARN_UNUSED_VARIABLE = YES;
				IPHONEOS_DEPLOYMENT_TARGET = 8.0;
				METAL_ENABLE_DEBUG_INFO = YES;
				ONLY_ACTIVE_ARCH = YES;
				SDKROOT = iphoneos;
				SWIFT_OPTIMIZATION_LEVEL = "-Onone";
			};
			name = Debug;
		};
		361C3AE71946D169006FEB68 /* Release */ = {
			isa = XCBuildConfiguration;
			buildSettings = {
				ALWAYS_SEARCH_USER_PATHS = NO;
				CLANG_CXX_LANGUAGE_STANDARD = "gnu++0x";
				CLANG_CXX_LIBRARY = "libc++";
				CLANG_ENABLE_MODULES = YES;
				CLANG_ENABLE_OBJC_ARC = YES;
				CLANG_WARN_BOOL_CONVERSION = YES;
				CLANG_WARN_CONSTANT_CONVERSION = YES;
				CLANG_WARN_DIRECT_OBJC_ISA_USAGE = YES_ERROR;
				CLANG_WARN_EMPTY_BODY = YES;
				CLANG_WARN_ENUM_CONVERSION = YES;
				CLANG_WARN_INT_CONVERSION = YES;
				CLANG_WARN_OBJC_ROOT_CLASS = YES_ERROR;
				CLANG_WARN_UNREACHABLE_CODE = YES;
				CLANG_WARN__DUPLICATE_METHOD_MATCH = YES;
				"CODE_SIGN_IDENTITY[sdk=iphoneos*]" = "iPhone Developer";
				COPY_PHASE_STRIP = YES;
				ENABLE_NS_ASSERTIONS = NO;
				ENABLE_STRICT_OBJC_MSGSEND = YES;
				GCC_C_LANGUAGE_STANDARD = gnu99;
				GCC_WARN_64_TO_32_BIT_CONVERSION = YES;
				GCC_WARN_ABOUT_RETURN_TYPE = YES_ERROR;
				GCC_WARN_UNDECLARED_SELECTOR = YES;
				GCC_WARN_UNINITIALIZED_AUTOS = YES_AGGRESSIVE;
				GCC_WARN_UNUSED_FUNCTION = YES;
				GCC_WARN_UNUSED_VARIABLE = YES;
				IPHONEOS_DEPLOYMENT_TARGET = 8.0;
				METAL_ENABLE_DEBUG_INFO = NO;
				SDKROOT = iphoneos;
				VALIDATE_PRODUCT = YES;
			};
			name = Release;
		};
		361C3AE91946D169006FEB68 /* Debug */ = {
			isa = XCBuildConfiguration;
			buildSettings = {
				ASSETCATALOG_COMPILER_APPICON_NAME = AppIcon;
				ASSETCATALOG_COMPILER_LAUNCHIMAGE_NAME = LaunchImage;
				INFOPLIST_FILE = PoopStain/Info.plist;
				LD_RUNPATH_SEARCH_PATHS = "$(inherited) @executable_path/Frameworks";
				PRODUCT_NAME = "$(TARGET_NAME)";
			};
			name = Debug;
		};
		361C3AEA1946D169006FEB68 /* Release */ = {
			isa = XCBuildConfiguration;
			buildSettings = {
				ASSETCATALOG_COMPILER_APPICON_NAME = AppIcon;
				ASSETCATALOG_COMPILER_LAUNCHIMAGE_NAME = LaunchImage;
				INFOPLIST_FILE = PoopStain/Info.plist;
				LD_RUNPATH_SEARCH_PATHS = "$(inherited) @executable_path/Frameworks";
				PRODUCT_NAME = "$(TARGET_NAME)";
			};
			name = Release;
		};
		361C3AEC1946D169006FEB68 /* Debug */ = {
			isa = XCBuildConfiguration;
			buildSettings = {
				BUNDLE_LOADER = "$(BUILT_PRODUCTS_DIR)/PoopStain.app/PoopStain";
				FRAMEWORK_SEARCH_PATHS = (
					"$(SDKROOT)/Developer/Library/Frameworks",
					"$(inherited)",
				);
				GCC_PREPROCESSOR_DEFINITIONS = (
					"DEBUG=1",
					"$(inherited)",
				);
				INFOPLIST_FILE = PoopStainTests/Info.plist;
				LD_RUNPATH_SEARCH_PATHS = "$(inherited) @executable_path/Frameworks @loader_path/Frameworks";
				METAL_ENABLE_DEBUG_INFO = YES;
				PRODUCT_NAME = "$(TARGET_NAME)";
				TEST_HOST = "$(BUNDLE_LOADER)";
			};
			name = Debug;
		};
		361C3AED1946D169006FEB68 /* Release */ = {
			isa = XCBuildConfiguration;
			buildSettings = {
				BUNDLE_LOADER = "$(BUILT_PRODUCTS_DIR)/PoopStain.app/PoopStain";
				FRAMEWORK_SEARCH_PATHS = (
					"$(SDKROOT)/Developer/Library/Frameworks",
					"$(inherited)",
				);
				INFOPLIST_FILE = PoopStainTests/Info.plist;
				LD_RUNPATH_SEARCH_PATHS = "$(inherited) @executable_path/Frameworks @loader_path/Frameworks";
				METAL_ENABLE_DEBUG_INFO = NO;
				PRODUCT_NAME = "$(TARGET_NAME)";
				TEST_HOST = "$(BUNDLE_LOADER)";
			};
			name = Release;
		};
/* End XCBuildConfiguration section */

/* Begin XCConfigurationList section */
		361C3AC41946D169006FEB68 /* Build configuration list for PBXProject "PoopStain" */ = {
			isa = XCConfigurationList;
			buildConfigurations = (
				361C3AE61946D169006FEB68 /* Debug */,
				361C3AE71946D169006FEB68 /* Release */,
			);
			defaultConfigurationIsVisible = 0;
			defaultConfigurationName = Release;
		};
		361C3AE81946D169006FEB68 /* Build configuration list for PBXNativeTarget "PoopStain" */ = {
			isa = XCConfigurationList;
			buildConfigurations = (
				361C3AE91946D169006FEB68 /* Debug */,
				361C3AEA1946D169006FEB68 /* Release */,
			);
			defaultConfigurationIsVisible = 0;
		};
		361C3AEB1946D169006FEB68 /* Build configuration list for PBXNativeTarget "PoopStainTests" */ = {
			isa = XCConfigurationList;
			buildConfigurations = (
				361C3AEC1946D169006FEB68 /* Debug */,
				361C3AED1946D169006FEB68 /* Release */,
			);
			defaultConfigurationIsVisible = 0;
		};
/* End XCConfigurationList section */

/* Begin XCVersionGroup section */
		361C3AD01946D169006FEB68 /* PoopStain.xcdatamodeld */ = {
			isa = XCVersionGroup;
			children = (
				361C3AD11946D169006FEB68 /* PoopStain.xcdatamodel */,
			);
			currentVersion = 361C3AD11946D169006FEB68 /* PoopStain.xcdatamodel */;
			path = PoopStain.xcdatamodeld;
			sourceTree = "<group>";
			versionGroupType = wrapper.xcdatamodel;
		};
/* End XCVersionGroup section */
	};
	rootObject = 361C3AC11946D169006FEB68 /* Project object */;
}
