// !$*UTF8*$!
{
	archiveVersion = 1;
	classes = {
	};
	objectVersion = 46;
	objects = {

/* Begin PBXBuildFile section */
		36F0A6EA197823DA008873D0 /* main.m in Sources */ = {isa = PBXBuildFile; fileRef = 36F0A6E9197823DA008873D0 /* main.m */; };
		36F0A6ED197823DA008873D0 /* AppDelegate.m in Sources */ = {isa = PBXBuildFile; fileRef = 36F0A6EC197823DA008873D0 /* AppDelegate.m */; };
		36F0A6F0197823DA008873D0 /* test.xcdatamodeld in Sources */ = {isa = PBXBuildFile; fileRef = 36F0A6EE197823DA008873D0 /* test.xcdatamodeld */; };
		36F0A6F3197823DA008873D0 /* ViewController.m in Sources */ = {isa = PBXBuildFile; fileRef = 36F0A6F2197823DA008873D0 /* ViewController.m */; };
		36F0A6F6197823DA008873D0 /* Main.storyboard in Resources */ = {isa = PBXBuildFile; fileRef = 36F0A6F4197823DA008873D0 /* Main.storyboard */; };
		36F0A6F8197823DA008873D0 /* Images.xcassets in Resources */ = {isa = PBXBuildFile; fileRef = 36F0A6F7197823DA008873D0 /* Images.xcassets */; };
		36F0A704197823DA008873D0 /* testTests.m in Sources */ = {isa = PBXBuildFile; fileRef = 36F0A703197823DA008873D0 /* testTests.m */; };
/* End PBXBuildFile section */

/* Begin PBXContainerItemProxy section */
		36F0A6FE197823DA008873D0 /* PBXContainerItemProxy */ = {
			isa = PBXContainerItemProxy;
			containerPortal = 36F0A6DC197823D9008873D0 /* Project object */;
			proxyType = 1;
			remoteGlobalIDString = 36F0A6E3197823D9008873D0;
			remoteInfo = test;
		};
/* End PBXContainerItemProxy section */

/* Begin PBXFileReference section */
		36F0A6E4197823D9008873D0 /* test.app */ = {isa = PBXFileReference; explicitFileType = wrapper.application; includeInIndex = 0; path = test.app; sourceTree = BUILT_PRODUCTS_DIR; };
		36F0A6E8197823D9008873D0 /* Info.plist */ = {isa = PBXFileReference; lastKnownFileType = text.plist.xml; path = Info.plist; sourceTree = "<group>"; };
		36F0A6E9197823DA008873D0 /* main.m */ = {isa = PBXFileReference; lastKnownFileType = sourcecode.c.objc; path = main.m; sourceTree = "<group>"; };
		36F0A6EB197823DA008873D0 /* AppDelegate.h */ = {isa = PBXFileReference; lastKnownFileType = sourcecode.c.h; path = AppDelegate.h; sourceTree = "<group>"; };
		36F0A6EC197823DA008873D0 /* AppDelegate.m */ = {isa = PBXFileReference; lastKnownFileType = sourcecode.c.objc; path = AppDelegate.m; sourceTree = "<group>"; };
		36F0A6EF197823DA008873D0 /* test.xcdatamodel */ = {isa = PBXFileReference; lastKnownFileType = wrapper.xcdatamodel; path = test.xcdatamodel; sourceTree = "<group>"; };
		36F0A6F1197823DA008873D0 /* ViewController.h */ = {isa = PBXFileReference; lastKnownFileType = sourcecode.c.h; path = ViewController.h; sourceTree = "<group>"; };
		36F0A6F2197823DA008873D0 /* ViewController.m */ = {isa = PBXFileReference; lastKnownFileType = sourcecode.c.objc; path = ViewController.m; sourceTree = "<group>"; };
		36F0A6F5197823DA008873D0 /* Base */ = {isa = PBXFileReference; lastKnownFileType = file.storyboard; name = Base; path = Base.lproj/Main.storyboard; sourceTree = "<group>"; };
		36F0A6F7197823DA008873D0 /* Images.xcassets */ = {isa = PBXFileReference; lastKnownFileType = folder.assetcatalog; path = Images.xcassets; sourceTree = "<group>"; };
		36F0A6FD197823DA008873D0 /* testTests.xctest */ = {isa = PBXFileReference; explicitFileType = wrapper.cfbundle; includeInIndex = 0; path = testTests.xctest; sourceTree = BUILT_PRODUCTS_DIR; };
		36F0A702197823DA008873D0 /* Info.plist */ = {isa = PBXFileReference; lastKnownFileType = text.plist.xml; path = Info.plist; sourceTree = "<group>"; };
		36F0A703197823DA008873D0 /* testTests.m */ = {isa = PBXFileReference; lastKnownFileType = sourcecode.c.objc; path = testTests.m; sourceTree = "<group>"; };
/* End PBXFileReference section */

/* Begin PBXFrameworksBuildPhase section */
		36F0A6E1197823D9008873D0 /* Frameworks */ = {
			isa = PBXFrameworksBuildPhase;
			buildActionMask = 2147483647;
			files = (
			);
			runOnlyForDeploymentPostprocessing = 0;
		};
		36F0A6FA197823DA008873D0 /* Frameworks */ = {
			isa = PBXFrameworksBuildPhase;
			buildActionMask = 2147483647;
			files = (
			);
			runOnlyForDeploymentPostprocessing = 0;
		};
/* End PBXFrameworksBuildPhase section */

/* Begin PBXGroup section */
		36F0A6DB197823D9008873D0 = {
			isa = PBXGroup;
			children = (
				36F0A6E6197823D9008873D0 /* test */,
				36F0A700197823DA008873D0 /* testTests */,
				36F0A6E5197823D9008873D0 /* Products */,
			);
			sourceTree = "<group>";
		};
		36F0A6E5197823D9008873D0 /* Products */ = {
			isa = PBXGroup;
			children = (
				36F0A6E4197823D9008873D0 /* test.app */,
				36F0A6FD197823DA008873D0 /* testTests.xctest */,
			);
			name = Products;
			sourceTree = "<group>";
		};
		36F0A6E6197823D9008873D0 /* test */ = {
			isa = PBXGroup;
			children = (
				36F0A6EB197823DA008873D0 /* AppDelegate.h */,
				36F0A6EC197823DA008873D0 /* AppDelegate.m */,
				36F0A6F1197823DA008873D0 /* ViewController.h */,
				36F0A6F2197823DA008873D0 /* ViewController.m */,
				36F0A6F4197823DA008873D0 /* Main.storyboard */,
				36F0A6F7197823DA008873D0 /* Images.xcassets */,
				36F0A6EE197823DA008873D0 /* test.xcdatamodeld */,
				36F0A6E7197823D9008873D0 /* Supporting Files */,
			);
			path = test;
			sourceTree = "<group>";
		};
		36F0A6E7197823D9008873D0 /* Supporting Files */ = {
			isa = PBXGroup;
			children = (
				36F0A6E8197823D9008873D0 /* Info.plist */,
				36F0A6E9197823DA008873D0 /* main.m */,
			);
			name = "Supporting Files";
			sourceTree = "<group>";
		};
		36F0A700197823DA008873D0 /* testTests */ = {
			isa = PBXGroup;
			children = (
				36F0A703197823DA008873D0 /* testTests.m */,
				36F0A701197823DA008873D0 /* Supporting Files */,
			);
			path = testTests;
			sourceTree = "<group>";
		};
		36F0A701197823DA008873D0 /* Supporting Files */ = {
			isa = PBXGroup;
			children = (
				36F0A702197823DA008873D0 /* Info.plist */,
			);
			name = "Supporting Files";
			sourceTree = "<group>";
		};
/* End PBXGroup section */

/* Begin PBXNativeTarget section */
		36F0A6E3197823D9008873D0 /* test */ = {
			isa = PBXNativeTarget;
			buildConfigurationList = 36F0A707197823DA008873D0 /* Build configuration list for PBXNativeTarget "test" */;
			buildPhases = (
				36F0A6E0197823D9008873D0 /* Sources */,
				36F0A6E1197823D9008873D0 /* Frameworks */,
				36F0A6E2197823D9008873D0 /* Resources */,
			);
			buildRules = (
			);
			dependencies = (
			);
			name = test;
			productName = test;
			productReference = 36F0A6E4197823D9008873D0 /* test.app */;
			productType = "com.apple.product-type.application";
		};
		36F0A6FC197823DA008873D0 /* testTests */ = {
			isa = PBXNativeTarget;
			buildConfigurationList = 36F0A70A197823DA008873D0 /* Build configuration list for PBXNativeTarget "testTests" */;
			buildPhases = (
				36F0A6F9197823DA008873D0 /* Sources */,
				36F0A6FA197823DA008873D0 /* Frameworks */,
				36F0A6FB197823DA008873D0 /* Resources */,
			);
			buildRules = (
			);
			dependencies = (
				36F0A6FF197823DA008873D0 /* PBXTargetDependency */,
			);
			name = testTests;
			productName = testTests;
			productReference = 36F0A6FD197823DA008873D0 /* testTests.xctest */;
			productType = "com.apple.product-type.bundle.unit-test";
		};
/* End PBXNativeTarget section */

/* Begin PBXProject section */
		36F0A6DC197823D9008873D0 /* Project object */ = {
			isa = PBXProject;
			attributes = {
				LastUpgradeCheck = 0600;
				ORGANIZATIONNAME = "Jakob Hartman";
				TargetAttributes = {
					36F0A6E3197823D9008873D0 = {
						CreatedOnToolsVersion = 6.0;
					};
					36F0A6FC197823DA008873D0 = {
						CreatedOnToolsVersion = 6.0;
						TestTargetID = 36F0A6E3197823D9008873D0;
					};
				};
			};
			buildConfigurationList = 36F0A6DF197823D9008873D0 /* Build configuration list for PBXProject "test" */;
			compatibilityVersion = "Xcode 3.2";
			developmentRegion = English;
			hasScannedForEncodings = 0;
			knownRegions = (
				en,
				Base,
			);
			mainGroup = 36F0A6DB197823D9008873D0;
			productRefGroup = 36F0A6E5197823D9008873D0 /* Products */;
			projectDirPath = "";
			projectRoot = "";
			targets = (
				36F0A6E3197823D9008873D0 /* test */,
				36F0A6FC197823DA008873D0 /* testTests */,
			);
		};
/* End PBXProject section */

/* Begin PBXResourcesBuildPhase section */
		36F0A6E2197823D9008873D0 /* Resources */ = {
			isa = PBXResourcesBuildPhase;
			buildActionMask = 2147483647;
			files = (
				36F0A6F6197823DA008873D0 /* Main.storyboard in Resources */,
				36F0A6F8197823DA008873D0 /* Images.xcassets in Resources */,
			);
			runOnlyForDeploymentPostprocessing = 0;
		};
		36F0A6FB197823DA008873D0 /* Resources */ = {
			isa = PBXResourcesBuildPhase;
			buildActionMask = 2147483647;
			files = (
			);
			runOnlyForDeploymentPostprocessing = 0;
		};
/* End PBXResourcesBuildPhase section */

/* Begin PBXSourcesBuildPhase section */
		36F0A6E0197823D9008873D0 /* Sources */ = {
			isa = PBXSourcesBuildPhase;
			buildActionMask = 2147483647;
			files = (
				36F0A6ED197823DA008873D0 /* AppDelegate.m in Sources */,
				36F0A6EA197823DA008873D0 /* main.m in Sources */,
				36F0A6F3197823DA008873D0 /* ViewController.m in Sources */,
				36F0A6F0197823DA008873D0 /* test.xcdatamodeld in Sources */,
			);
			runOnlyForDeploymentPostprocessing = 0;
		};
		36F0A6F9197823DA008873D0 /* Sources */ = {
			isa = PBXSourcesBuildPhase;
			buildActionMask = 2147483647;
			files = (
				36F0A704197823DA008873D0 /* testTests.m in Sources */,
			);
			runOnlyForDeploymentPostprocessing = 0;
		};
/* End PBXSourcesBuildPhase section */

/* Begin PBXTargetDependency section */
		36F0A6FF197823DA008873D0 /* PBXTargetDependency */ = {
			isa = PBXTargetDependency;
			target = 36F0A6E3197823D9008873D0 /* test */;
			targetProxy = 36F0A6FE197823DA008873D0 /* PBXContainerItemProxy */;
		};
/* End PBXTargetDependency section */

/* Begin PBXVariantGroup section */
		36F0A6F4197823DA008873D0 /* Main.storyboard */ = {
			isa = PBXVariantGroup;
			children = (
				36F0A6F5197823DA008873D0 /* Base */,
			);
			name = Main.storyboard;
			sourceTree = "<group>";
		};
/* End PBXVariantGroup section */

/* Begin XCBuildConfiguration section */
		36F0A705197823DA008873D0 /* Debug */ = {
			isa = XCBuildConfiguration;
			buildSettings = {
				ALWAYS_SEARCH_USER_PATHS = NO;
				CLANG_CXX_LANGUAGE_STANDARD = "gnu++0x";
				CLANG_CXX_LIBRARY = "libc++";
				CLANG_ENABLE_MODULES = YES;
				CLANG_ENABLE_OBJC_ARC = YES;
				CLANG_WARN_BOOL_CONVERSION = YES;
				CLANG_WARN_CONSTANT_CONVERSION = YES;
				CLANG_WARN_DIRECT_OBJC_ISA_USAGE = YES_ERROR;
				CLANG_WARN_EMPTY_BODY = YES;
				CLANG_WARN_ENUM_CONVERSION = YES;
				CLANG_WARN_INT_CONVERSION = YES;
				CLANG_WARN_OBJC_ROOT_CLASS = YES_ERROR;
				CLANG_WARN_UNREACHABLE_CODE = YES;
				CLANG_WARN__DUPLICATE_METHOD_MATCH = YES;
				"CODE_SIGN_IDENTITY[sdk=iphoneos*]" = "iPhone Developer";
				COPY_PHASE_STRIP = NO;
				ENABLE_STRICT_OBJC_MSGSEND = YES;
				GCC_C_LANGUAGE_STANDARD = gnu99;
				GCC_DYNAMIC_NO_PIC = NO;
				GCC_OPTIMIZATION_LEVEL = 0;
				GCC_PREPROCESSOR_DEFINITIONS = (
					"DEBUG=1",
					"$(inherited)",
				);
				GCC_SYMBOLS_PRIVATE_EXTERN = NO;
				GCC_WARN_64_TO_32_BIT_CONVERSION = YES;
				GCC_WARN_ABOUT_RETURN_TYPE = YES_ERROR;
				GCC_WARN_UNDECLARED_SELECTOR = YES;
				GCC_WARN_UNINITIALIZED_AUTOS = YES_AGGRESSIVE;
				GCC_WARN_UNUSED_FUNCTION = YES;
				GCC_WARN_UNUSED_VARIABLE = YES;
				IPHONEOS_DEPLOYMENT_TARGET = 8.0;
				MTL_ENABLE_DEBUG_INFO = YES;
				ONLY_ACTIVE_ARCH = YES;
				SDKROOT = iphoneos;
			};
			name = Debug;
		};
		36F0A706197823DA008873D0 /* Release */ = {
			isa = XCBuildConfiguration;
			buildSettings = {
				ALWAYS_SEARCH_USER_PATHS = NO;
				CLANG_CXX_LANGUAGE_STANDARD = "gnu++0x";
				CLANG_CXX_LIBRARY = "libc++";
				CLANG_ENABLE_MODULES = YES;
				CLANG_ENABLE_OBJC_ARC = YES;
				CLANG_WARN_BOOL_CONVERSION = YES;
				CLANG_WARN_CONSTANT_CONVERSION = YES;
				CLANG_WARN_DIRECT_OBJC_ISA_USAGE = YES_ERROR;
				CLANG_WARN_EMPTY_BODY = YES;
				CLANG_WARN_ENUM_CONVERSION = YES;
				CLANG_WARN_INT_CONVERSION = YES;
				CLANG_WARN_OBJC_ROOT_CLASS = YES_ERROR;
				CLANG_WARN_UNREACHABLE_CODE = YES;
				CLANG_WARN__DUPLICATE_METHOD_MATCH = YES;
				"CODE_SIGN_IDENTITY[sdk=iphoneos*]" = "iPhone Developer";
				COPY_PHASE_STRIP = YES;
				ENABLE_NS_ASSERTIONS = NO;
				ENABLE_STRICT_OBJC_MSGSEND = YES;
				GCC_C_LANGUAGE_STANDARD = gnu99;
				GCC_WARN_64_TO_32_BIT_CONVERSION = YES;
				GCC_WARN_ABOUT_RETURN_TYPE = YES_ERROR;
				GCC_WARN_UNDECLARED_SELECTOR = YES;
				GCC_WARN_UNINITIALIZED_AUTOS = YES_AGGRESSIVE;
				GCC_WARN_UNUSED_FUNCTION = YES;
				GCC_WARN_UNUSED_VARIABLE = YES;
				IPHONEOS_DEPLOYMENT_TARGET = 8.0;
				MTL_ENABLE_DEBUG_INFO = NO;
				SDKROOT = iphoneos;
				VALIDATE_PRODUCT = YES;
			};
			name = Release;
		};
		36F0A708197823DA008873D0 /* Debug */ = {
			isa = XCBuildConfiguration;
			buildSettings = {
				ASSETCATALOG_COMPILER_APPICON_NAME = AppIcon;
				ASSETCATALOG_COMPILER_LAUNCHIMAGE_NAME = LaunchImage;
				INFOPLIST_FILE = test/Info.plist;
				LD_RUNPATH_SEARCH_PATHS = "$(inherited) @executable_path/Frameworks";
				PRODUCT_NAME = "$(TARGET_NAME)";
			};
			name = Debug;
		};
		36F0A709197823DA008873D0 /* Release */ = {
			isa = XCBuildConfiguration;
			buildSettings = {
				ASSETCATALOG_COMPILER_APPICON_NAME = AppIcon;
				ASSETCATALOG_COMPILER_LAUNCHIMAGE_NAME = LaunchImage;
				INFOPLIST_FILE = test/Info.plist;
				LD_RUNPATH_SEARCH_PATHS = "$(inherited) @executable_path/Frameworks";
				PRODUCT_NAME = "$(TARGET_NAME)";
			};
			name = Release;
		};
		36F0A70B197823DA008873D0 /* Debug */ = {
			isa = XCBuildConfiguration;
			buildSettings = {
				BUNDLE_LOADER = "$(BUILT_PRODUCTS_DIR)/test.app/test";
				FRAMEWORK_SEARCH_PATHS = (
					"$(SDKROOT)/Developer/Library/Frameworks",
					"$(inherited)",
				);
				GCC_PREPROCESSOR_DEFINITIONS = (
					"DEBUG=1",
					"$(inherited)",
				);
				INFOPLIST_FILE = testTests/Info.plist;
				LD_RUNPATH_SEARCH_PATHS = "$(inherited) @executable_path/Frameworks @loader_path/Frameworks";
				PRODUCT_NAME = "$(TARGET_NAME)";
				TEST_HOST = "$(BUNDLE_LOADER)";
			};
			name = Debug;
		};
		36F0A70C197823DA008873D0 /* Release */ = {
			isa = XCBuildConfiguration;
			buildSettings = {
				BUNDLE_LOADER = "$(BUILT_PRODUCTS_DIR)/test.app/test";
				FRAMEWORK_SEARCH_PATHS = (
					"$(SDKROOT)/Developer/Library/Frameworks",
					"$(inherited)",
				);
				INFOPLIST_FILE = testTests/Info.plist;
				LD_RUNPATH_SEARCH_PATHS = "$(inherited) @executable_path/Frameworks @loader_path/Frameworks";
				PRODUCT_NAME = "$(TARGET_NAME)";
				TEST_HOST = "$(BUNDLE_LOADER)";
			};
			name = Release;
		};
/* End XCBuildConfiguration section */

/* Begin XCConfigurationList section */
		36F0A6DF197823D9008873D0 /* Build configuration list for PBXProject "test" */ = {
			isa = XCConfigurationList;
			buildConfigurations = (
				36F0A705197823DA008873D0 /* Debug */,
				36F0A706197823DA008873D0 /* Release */,
			);
			defaultConfigurationIsVisible = 0;
			defaultConfigurationName = Release;
		};
		36F0A707197823DA008873D0 /* Build configuration list for PBXNativeTarget "test" */ = {
			isa = XCConfigurationList;
			buildConfigurations = (
				36F0A708197823DA008873D0 /* Debug */,
				36F0A709197823DA008873D0 /* Release */,
			);
			defaultConfigurationIsVisible = 0;
		};
		36F0A70A197823DA008873D0 /* Build configuration list for PBXNativeTarget "testTests" */ = {
			isa = XCConfigurationList;
			buildConfigurations = (
				36F0A70B197823DA008873D0 /* Debug */,
				36F0A70C197823DA008873D0 /* Release */,
			);
			defaultConfigurationIsVisible = 0;
		};
/* End XCConfigurationList section */

/* Begin XCVersionGroup section */
		36F0A6EE197823DA008873D0 /* test.xcdatamodeld */ = {
			isa = XCVersionGroup;
			children = (
				36F0A6EF197823DA008873D0 /* test.xcdatamodel */,
			);
			currentVersion = 36F0A6EF197823DA008873D0 /* test.xcdatamodel */;
			path = test.xcdatamodeld;
			sourceTree = "<group>";
			versionGroupType = wrapper.xcdatamodel;
		};
/* End XCVersionGroup section */
	};
	rootObject = 36F0A6DC197823D9008873D0 /* Project object */;
}
