// !$*UTF8*$!
{
	archiveVersion = 1;
	classes = {
	};
	objectVersion = 46;
	objects = {

/* Begin PBXBuildFile section */
		3623BB3318FB337F00FE3C4F /* Foundation.framework in Frameworks */ = {isa = PBXBuildFile; fileRef = 3623BB3218FB337F00FE3C4F /* Foundation.framework */; };
		3623BB3518FB337F00FE3C4F /* CoreGraphics.framework in Frameworks */ = {isa = PBXBuildFile; fileRef = 3623BB3418FB337F00FE3C4F /* CoreGraphics.framework */; };
		3623BB3718FB337F00FE3C4F /* UIKit.framework in Frameworks */ = {isa = PBXBuildFile; fileRef = 3623BB3618FB337F00FE3C4F /* UIKit.framework */; };
		3623BB3918FB337F00FE3C4F /* CoreData.framework in Frameworks */ = {isa = PBXBuildFile; fileRef = 3623BB3818FB337F00FE3C4F /* CoreData.framework */; };
		3623BB3F18FB337F00FE3C4F /* InfoPlist.strings in Resources */ = {isa = PBXBuildFile; fileRef = 3623BB3D18FB337F00FE3C4F /* InfoPlist.strings */; };
		3623BB4118FB337F00FE3C4F /* main.m in Sources */ = {isa = PBXBuildFile; fileRef = 3623BB4018FB337F00FE3C4F /* main.m */; };
		3623BB4518FB337F00FE3C4F /* AppDelegate.m in Sources */ = {isa = PBXBuildFile; fileRef = 3623BB4418FB337F00FE3C4F /* AppDelegate.m */; };
		3623BB4818FB337F00FE3C4F /* Main.storyboard in Resources */ = {isa = PBXBuildFile; fileRef = 3623BB4618FB337F00FE3C4F /* Main.storyboard */; };
		3623BB4B18FB337F00FE3C4F /* MasterSheet.xcdatamodeld in Sources */ = {isa = PBXBuildFile; fileRef = 3623BB4918FB337F00FE3C4F /* MasterSheet.xcdatamodeld */; };
		3623BB4E18FB337F00FE3C4F /* MasterViewController.m in Sources */ = {isa = PBXBuildFile; fileRef = 3623BB4D18FB337F00FE3C4F /* MasterViewController.m */; };
		3623BB5118FB337F00FE3C4F /* DetailViewController.m in Sources */ = {isa = PBXBuildFile; fileRef = 3623BB5018FB337F00FE3C4F /* DetailViewController.m */; };
		3623BB5318FB337F00FE3C4F /* Images.xcassets in Resources */ = {isa = PBXBuildFile; fileRef = 3623BB5218FB337F00FE3C4F /* Images.xcassets */; };
		3623BB5A18FB337F00FE3C4F /* XCTest.framework in Frameworks */ = {isa = PBXBuildFile; fileRef = 3623BB5918FB337F00FE3C4F /* XCTest.framework */; };
		3623BB5B18FB337F00FE3C4F /* Foundation.framework in Frameworks */ = {isa = PBXBuildFile; fileRef = 3623BB3218FB337F00FE3C4F /* Foundation.framework */; };
		3623BB5C18FB337F00FE3C4F /* UIKit.framework in Frameworks */ = {isa = PBXBuildFile; fileRef = 3623BB3618FB337F00FE3C4F /* UIKit.framework */; };
		3623BB5D18FB337F00FE3C4F /* CoreData.framework in Frameworks */ = {isa = PBXBuildFile; fileRef = 3623BB3818FB337F00FE3C4F /* CoreData.framework */; };
		3623BB6518FB337F00FE3C4F /* InfoPlist.strings in Resources */ = {isa = PBXBuildFile; fileRef = 3623BB6318FB337F00FE3C4F /* InfoPlist.strings */; };
		3623BB6718FB337F00FE3C4F /* MasterSheetTests.m in Sources */ = {isa = PBXBuildFile; fileRef = 3623BB6618FB337F00FE3C4F /* MasterSheetTests.m */; };
/* End PBXBuildFile section */

/* Begin PBXContainerItemProxy section */
		3623BB5E18FB337F00FE3C4F /* PBXContainerItemProxy */ = {
			isa = PBXContainerItemProxy;
			containerPortal = 3623BB2718FB337F00FE3C4F /* Project object */;
			proxyType = 1;
			remoteGlobalIDString = 3623BB2E18FB337F00FE3C4F;
			remoteInfo = MasterSheet;
		};
/* End PBXContainerItemProxy section */

/* Begin PBXFileReference section */
		3623BB2F18FB337F00FE3C4F /* MasterSheet.app */ = {isa = PBXFileReference; explicitFileType = wrapper.application; includeInIndex = 0; path = MasterSheet.app; sourceTree = BUILT_PRODUCTS_DIR; };
		3623BB3218FB337F00FE3C4F /* Foundation.framework */ = {isa = PBXFileReference; lastKnownFileType = wrapper.framework; name = Foundation.framework; path = System/Library/Frameworks/Foundation.framework; sourceTree = SDKROOT; };
		3623BB3418FB337F00FE3C4F /* CoreGraphics.framework */ = {isa = PBXFileReference; lastKnownFileType = wrapper.framework; name = CoreGraphics.framework; path = System/Library/Frameworks/CoreGraphics.framework; sourceTree = SDKROOT; };
		3623BB3618FB337F00FE3C4F /* UIKit.framework */ = {isa = PBXFileReference; lastKnownFileType = wrapper.framework; name = UIKit.framework; path = System/Library/Frameworks/UIKit.framework; sourceTree = SDKROOT; };
		3623BB3818FB337F00FE3C4F /* CoreData.framework */ = {isa = PBXFileReference; lastKnownFileType = wrapper.framework; name = CoreData.framework; path = System/Library/Frameworks/CoreData.framework; sourceTree = SDKROOT; };
		3623BB3C18FB337F00FE3C4F /* MasterSheet-Info.plist */ = {isa = PBXFileReference; lastKnownFileType = text.plist.xml; path = "MasterSheet-Info.plist"; sourceTree = "<group>"; };
		3623BB3E18FB337F00FE3C4F /* en */ = {isa = PBXFileReference; lastKnownFileType = text.plist.strings; name = en; path = en.lproj/InfoPlist.strings; sourceTree = "<group>"; };
		3623BB4018FB337F00FE3C4F /* main.m */ = {isa = PBXFileReference; lastKnownFileType = sourcecode.c.objc; path = main.m; sourceTree = "<group>"; };
		3623BB4218FB337F00FE3C4F /* MasterSheet-Prefix.pch */ = {isa = PBXFileReference; lastKnownFileType = sourcecode.c.h; path = "MasterSheet-Prefix.pch"; sourceTree = "<group>"; };
		3623BB4318FB337F00FE3C4F /* AppDelegate.h */ = {isa = PBXFileReference; lastKnownFileType = sourcecode.c.h; path = AppDelegate.h; sourceTree = "<group>"; };
		3623BB4418FB337F00FE3C4F /* AppDelegate.m */ = {isa = PBXFileReference; lastKnownFileType = sourcecode.c.objc; path = AppDelegate.m; sourceTree = "<group>"; };
		3623BB4718FB337F00FE3C4F /* Base */ = {isa = PBXFileReference; lastKnownFileType = file.storyboard; name = Base; path = Base.lproj/Main.storyboard; sourceTree = "<group>"; };
		3623BB4A18FB337F00FE3C4F /* MasterSheet.xcdatamodel */ = {isa = PBXFileReference; lastKnownFileType = wrapper.xcdatamodel; path = MasterSheet.xcdatamodel; sourceTree = "<group>"; };
		3623BB4C18FB337F00FE3C4F /* MasterViewController.h */ = {isa = PBXFileReference; lastKnownFileType = sourcecode.c.h; path = MasterViewController.h; sourceTree = "<group>"; };
		3623BB4D18FB337F00FE3C4F /* MasterViewController.m */ = {isa = PBXFileReference; lastKnownFileType = sourcecode.c.objc; path = MasterViewController.m; sourceTree = "<group>"; };
		3623BB4F18FB337F00FE3C4F /* DetailViewController.h */ = {isa = PBXFileReference; lastKnownFileType = sourcecode.c.h; path = DetailViewController.h; sourceTree = "<group>"; };
		3623BB5018FB337F00FE3C4F /* DetailViewController.m */ = {isa = PBXFileReference; lastKnownFileType = sourcecode.c.objc; path = DetailViewController.m; sourceTree = "<group>"; };
		3623BB5218FB337F00FE3C4F /* Images.xcassets */ = {isa = PBXFileReference; lastKnownFileType = folder.assetcatalog; path = Images.xcassets; sourceTree = "<group>"; };
		3623BB5818FB337F00FE3C4F /* MasterSheetTests.xctest */ = {isa = PBXFileReference; explicitFileType = wrapper.cfbundle; includeInIndex = 0; path = MasterSheetTests.xctest; sourceTree = BUILT_PRODUCTS_DIR; };
		3623BB5918FB337F00FE3C4F /* XCTest.framework */ = {isa = PBXFileReference; lastKnownFileType = wrapper.framework; name = XCTest.framework; path = Library/Frameworks/XCTest.framework; sourceTree = DEVELOPER_DIR; };
		3623BB6218FB337F00FE3C4F /* MasterSheetTests-Info.plist */ = {isa = PBXFileReference; lastKnownFileType = text.plist.xml; path = "MasterSheetTests-Info.plist"; sourceTree = "<group>"; };
		3623BB6418FB337F00FE3C4F /* en */ = {isa = PBXFileReference; lastKnownFileType = text.plist.strings; name = en; path = en.lproj/InfoPlist.strings; sourceTree = "<group>"; };
		3623BB6618FB337F00FE3C4F /* MasterSheetTests.m */ = {isa = PBXFileReference; lastKnownFileType = sourcecode.c.objc; path = MasterSheetTests.m; sourceTree = "<group>"; };
/* End PBXFileReference section */

/* Begin PBXFrameworksBuildPhase section */
		3623BB2C18FB337F00FE3C4F /* Frameworks */ = {
			isa = PBXFrameworksBuildPhase;
			buildActionMask = 2147483647;
			files = (
				3623BB3518FB337F00FE3C4F /* CoreGraphics.framework in Frameworks */,
				3623BB3918FB337F00FE3C4F /* CoreData.framework in Frameworks */,
				3623BB3718FB337F00FE3C4F /* UIKit.framework in Frameworks */,
				3623BB3318FB337F00FE3C4F /* Foundation.framework in Frameworks */,
			);
			runOnlyForDeploymentPostprocessing = 0;
		};
		3623BB5518FB337F00FE3C4F /* Frameworks */ = {
			isa = PBXFrameworksBuildPhase;
			buildActionMask = 2147483647;
			files = (
				3623BB5A18FB337F00FE3C4F /* XCTest.framework in Frameworks */,
				3623BB5D18FB337F00FE3C4F /* CoreData.framework in Frameworks */,
				3623BB5C18FB337F00FE3C4F /* UIKit.framework in Frameworks */,
				3623BB5B18FB337F00FE3C4F /* Foundation.framework in Frameworks */,
			);
			runOnlyForDeploymentPostprocessing = 0;
		};
/* End PBXFrameworksBuildPhase section */

/* Begin PBXGroup section */
		3623BB2618FB337F00FE3C4F = {
			isa = PBXGroup;
			children = (
				3623BB3A18FB337F00FE3C4F /* MasterSheet */,
				3623BB6018FB337F00FE3C4F /* MasterSheetTests */,
				3623BB3118FB337F00FE3C4F /* Frameworks */,
				3623BB3018FB337F00FE3C4F /* Products */,
			);
			sourceTree = "<group>";
		};
		3623BB3018FB337F00FE3C4F /* Products */ = {
			isa = PBXGroup;
			children = (
				3623BB2F18FB337F00FE3C4F /* MasterSheet.app */,
				3623BB5818FB337F00FE3C4F /* MasterSheetTests.xctest */,
			);
			name = Products;
			sourceTree = "<group>";
		};
		3623BB3118FB337F00FE3C4F /* Frameworks */ = {
			isa = PBXGroup;
			children = (
				3623BB3218FB337F00FE3C4F /* Foundation.framework */,
				3623BB3418FB337F00FE3C4F /* CoreGraphics.framework */,
				3623BB3618FB337F00FE3C4F /* UIKit.framework */,
				3623BB3818FB337F00FE3C4F /* CoreData.framework */,
				3623BB5918FB337F00FE3C4F /* XCTest.framework */,
			);
			name = Frameworks;
			sourceTree = "<group>";
		};
		3623BB3A18FB337F00FE3C4F /* MasterSheet */ = {
			isa = PBXGroup;
			children = (
				3623BB4318FB337F00FE3C4F /* AppDelegate.h */,
				3623BB4418FB337F00FE3C4F /* AppDelegate.m */,
				3623BB4618FB337F00FE3C4F /* Main.storyboard */,
				3623BB4C18FB337F00FE3C4F /* MasterViewController.h */,
				3623BB4D18FB337F00FE3C4F /* MasterViewController.m */,
				3623BB4F18FB337F00FE3C4F /* DetailViewController.h */,
				3623BB5018FB337F00FE3C4F /* DetailViewController.m */,
				3623BB5218FB337F00FE3C4F /* Images.xcassets */,
				3623BB4918FB337F00FE3C4F /* MasterSheet.xcdatamodeld */,
				3623BB3B18FB337F00FE3C4F /* Supporting Files */,
			);
			path = MasterSheet;
			sourceTree = "<group>";
		};
		3623BB3B18FB337F00FE3C4F /* Supporting Files */ = {
			isa = PBXGroup;
			children = (
				3623BB3C18FB337F00FE3C4F /* MasterSheet-Info.plist */,
				3623BB3D18FB337F00FE3C4F /* InfoPlist.strings */,
				3623BB4018FB337F00FE3C4F /* main.m */,
				3623BB4218FB337F00FE3C4F /* MasterSheet-Prefix.pch */,
			);
			name = "Supporting Files";
			sourceTree = "<group>";
		};
		3623BB6018FB337F00FE3C4F /* MasterSheetTests */ = {
			isa = PBXGroup;
			children = (
				3623BB6618FB337F00FE3C4F /* MasterSheetTests.m */,
				3623BB6118FB337F00FE3C4F /* Supporting Files */,
			);
			path = MasterSheetTests;
			sourceTree = "<group>";
		};
		3623BB6118FB337F00FE3C4F /* Supporting Files */ = {
			isa = PBXGroup;
			children = (
				3623BB6218FB337F00FE3C4F /* MasterSheetTests-Info.plist */,
				3623BB6318FB337F00FE3C4F /* InfoPlist.strings */,
			);
			name = "Supporting Files";
			sourceTree = "<group>";
		};
/* End PBXGroup section */

/* Begin PBXNativeTarget section */
		3623BB2E18FB337F00FE3C4F /* MasterSheet */ = {
			isa = PBXNativeTarget;
			buildConfigurationList = 3623BB6A18FB337F00FE3C4F /* Build configuration list for PBXNativeTarget "MasterSheet" */;
			buildPhases = (
				3623BB2B18FB337F00FE3C4F /* Sources */,
				3623BB2C18FB337F00FE3C4F /* Frameworks */,
				3623BB2D18FB337F00FE3C4F /* Resources */,
			);
			buildRules = (
			);
			dependencies = (
			);
			name = MasterSheet;
			productName = MasterSheet;
			productReference = 3623BB2F18FB337F00FE3C4F /* MasterSheet.app */;
			productType = "com.apple.product-type.application";
		};
		3623BB5718FB337F00FE3C4F /* MasterSheetTests */ = {
			isa = PBXNativeTarget;
			buildConfigurationList = 3623BB6D18FB337F00FE3C4F /* Build configuration list for PBXNativeTarget "MasterSheetTests" */;
			buildPhases = (
				3623BB5418FB337F00FE3C4F /* Sources */,
				3623BB5518FB337F00FE3C4F /* Frameworks */,
				3623BB5618FB337F00FE3C4F /* Resources */,
			);
			buildRules = (
			);
			dependencies = (
				3623BB5F18FB337F00FE3C4F /* PBXTargetDependency */,
			);
			name = MasterSheetTests;
			productName = MasterSheetTests;
			productReference = 3623BB5818FB337F00FE3C4F /* MasterSheetTests.xctest */;
			productType = "com.apple.product-type.bundle.unit-test";
		};
/* End PBXNativeTarget section */

/* Begin PBXProject section */
		3623BB2718FB337F00FE3C4F /* Project object */ = {
			isa = PBXProject;
			attributes = {
				LastUpgradeCheck = 0510;
				ORGANIZATIONNAME = "Jakob Hartman";
				TargetAttributes = {
					3623BB5718FB337F00FE3C4F = {
						TestTargetID = 3623BB2E18FB337F00FE3C4F;
					};
				};
			};
			buildConfigurationList = 3623BB2A18FB337F00FE3C4F /* Build configuration list for PBXProject "MasterSheet" */;
			compatibilityVersion = "Xcode 3.2";
			developmentRegion = English;
			hasScannedForEncodings = 0;
			knownRegions = (
				en,
				Base,
			);
			mainGroup = 3623BB2618FB337F00FE3C4F;
			productRefGroup = 3623BB3018FB337F00FE3C4F /* Products */;
			projectDirPath = "";
			projectRoot = "";
			targets = (
				3623BB2E18FB337F00FE3C4F /* MasterSheet */,
				3623BB5718FB337F00FE3C4F /* MasterSheetTests */,
			);
		};
/* End PBXProject section */

/* Begin PBXResourcesBuildPhase section */
		3623BB2D18FB337F00FE3C4F /* Resources */ = {
			isa = PBXResourcesBuildPhase;
			buildActionMask = 2147483647;
			files = (
				3623BB5318FB337F00FE3C4F /* Images.xcassets in Resources */,
				3623BB3F18FB337F00FE3C4F /* InfoPlist.strings in Resources */,
				3623BB4818FB337F00FE3C4F /* Main.storyboard in Resources */,
			);
			runOnlyForDeploymentPostprocessing = 0;
		};
		3623BB5618FB337F00FE3C4F /* Resources */ = {
			isa = PBXResourcesBuildPhase;
			buildActionMask = 2147483647;
			files = (
				3623BB6518FB337F00FE3C4F /* InfoPlist.strings in Resources */,
			);
			runOnlyForDeploymentPostprocessing = 0;
		};
/* End PBXResourcesBuildPhase section */

/* Begin PBXSourcesBuildPhase section */
		3623BB2B18FB337F00FE3C4F /* Sources */ = {
			isa = PBXSourcesBuildPhase;
			buildActionMask = 2147483647;
			files = (
				3623BB5118FB337F00FE3C4F /* DetailViewController.m in Sources */,
				3623BB4E18FB337F00FE3C4F /* MasterViewController.m in Sources */,
				3623BB4518FB337F00FE3C4F /* AppDelegate.m in Sources */,
				3623BB4118FB337F00FE3C4F /* main.m in Sources */,
				3623BB4B18FB337F00FE3C4F /* MasterSheet.xcdatamodeld in Sources */,
			);
			runOnlyForDeploymentPostprocessing = 0;
		};
		3623BB5418FB337F00FE3C4F /* Sources */ = {
			isa = PBXSourcesBuildPhase;
			buildActionMask = 2147483647;
			files = (
				3623BB6718FB337F00FE3C4F /* MasterSheetTests.m in Sources */,
			);
			runOnlyForDeploymentPostprocessing = 0;
		};
/* End PBXSourcesBuildPhase section */

/* Begin PBXTargetDependency section */
		3623BB5F18FB337F00FE3C4F /* PBXTargetDependency */ = {
			isa = PBXTargetDependency;
			target = 3623BB2E18FB337F00FE3C4F /* MasterSheet */;
			targetProxy = 3623BB5E18FB337F00FE3C4F /* PBXContainerItemProxy */;
		};
/* End PBXTargetDependency section */

/* Begin PBXVariantGroup section */
		3623BB3D18FB337F00FE3C4F /* InfoPlist.strings */ = {
			isa = PBXVariantGroup;
			children = (
				3623BB3E18FB337F00FE3C4F /* en */,
			);
			name = InfoPlist.strings;
			sourceTree = "<group>";
		};
		3623BB4618FB337F00FE3C4F /* Main.storyboard */ = {
			isa = PBXVariantGroup;
			children = (
				3623BB4718FB337F00FE3C4F /* Base */,
			);
			name = Main.storyboard;
			sourceTree = "<group>";
		};
		3623BB6318FB337F00FE3C4F /* InfoPlist.strings */ = {
			isa = PBXVariantGroup;
			children = (
				3623BB6418FB337F00FE3C4F /* en */,
			);
			name = InfoPlist.strings;
			sourceTree = "<group>";
		};
/* End PBXVariantGroup section */

/* Begin XCBuildConfiguration section */
		3623BB6818FB337F00FE3C4F /* Debug */ = {
			isa = XCBuildConfiguration;
			buildSettings = {
				ALWAYS_SEARCH_USER_PATHS = NO;
				CLANG_CXX_LANGUAGE_STANDARD = "gnu++0x";
				CLANG_CXX_LIBRARY = "libc++";
				CLANG_ENABLE_MODULES = YES;
				CLANG_ENABLE_OBJC_ARC = YES;
				CLANG_WARN_BOOL_CONVERSION = YES;
				CLANG_WARN_CONSTANT_CONVERSION = YES;
				CLANG_WARN_DIRECT_OBJC_ISA_USAGE = YES_ERROR;
				CLANG_WARN_EMPTY_BODY = YES;
				CLANG_WARN_ENUM_CONVERSION = YES;
				CLANG_WARN_INT_CONVERSION = YES;
				CLANG_WARN_OBJC_ROOT_CLASS = YES_ERROR;
				CLANG_WARN__DUPLICATE_METHOD_MATCH = YES;
				"CODE_SIGN_IDENTITY[sdk=iphoneos*]" = "iPhone Developer";
				COPY_PHASE_STRIP = NO;
				GCC_C_LANGUAGE_STANDARD = gnu99;
				GCC_DYNAMIC_NO_PIC = NO;
				GCC_OPTIMIZATION_LEVEL = 0;
				GCC_PREPROCESSOR_DEFINITIONS = (
					"DEBUG=1",
					"$(inherited)",
				);
				GCC_SYMBOLS_PRIVATE_EXTERN = NO;
				GCC_WARN_64_TO_32_BIT_CONVERSION = YES;
				GCC_WARN_ABOUT_RETURN_TYPE = YES_ERROR;
				GCC_WARN_UNDECLARED_SELECTOR = YES;
				GCC_WARN_UNINITIALIZED_AUTOS = YES_AGGRESSIVE;
				GCC_WARN_UNUSED_FUNCTION = YES;
				GCC_WARN_UNUSED_VARIABLE = YES;
				IPHONEOS_DEPLOYMENT_TARGET = 7.1;
				ONLY_ACTIVE_ARCH = YES;
				SDKROOT = iphoneos;
				TARGETED_DEVICE_FAMILY = 2;
			};
			name = Debug;
		};
		3623BB6918FB337F00FE3C4F /* Release */ = {
			isa = XCBuildConfiguration;
			buildSettings = {
				ALWAYS_SEARCH_USER_PATHS = NO;
				CLANG_CXX_LANGUAGE_STANDARD = "gnu++0x";
				CLANG_CXX_LIBRARY = "libc++";
				CLANG_ENABLE_MODULES = YES;
				CLANG_ENABLE_OBJC_ARC = YES;
				CLANG_WARN_BOOL_CONVERSION = YES;
				CLANG_WARN_CONSTANT_CONVERSION = YES;
				CLANG_WARN_DIRECT_OBJC_ISA_USAGE = YES_ERROR;
				CLANG_WARN_EMPTY_BODY = YES;
				CLANG_WARN_ENUM_CONVERSION = YES;
				CLANG_WARN_INT_CONVERSION = YES;
				CLANG_WARN_OBJC_ROOT_CLASS = YES_ERROR;
				CLANG_WARN__DUPLICATE_METHOD_MATCH = YES;
				"CODE_SIGN_IDENTITY[sdk=iphoneos*]" = "iPhone Developer";
				COPY_PHASE_STRIP = YES;
				ENABLE_NS_ASSERTIONS = NO;
				GCC_C_LANGUAGE_STANDARD = gnu99;
				GCC_WARN_64_TO_32_BIT_CONVERSION = YES;
				GCC_WARN_ABOUT_RETURN_TYPE = YES_ERROR;
				GCC_WARN_UNDECLARED_SELECTOR = YES;
				GCC_WARN_UNINITIALIZED_AUTOS = YES_AGGRESSIVE;
				GCC_WARN_UNUSED_FUNCTION = YES;
				GCC_WARN_UNUSED_VARIABLE = YES;
				IPHONEOS_DEPLOYMENT_TARGET = 7.1;
				SDKROOT = iphoneos;
				TARGETED_DEVICE_FAMILY = 2;
				VALIDATE_PRODUCT = YES;
			};
			name = Release;
		};
		3623BB6B18FB337F00FE3C4F /* Debug */ = {
			isa = XCBuildConfiguration;
			buildSettings = {
				ASSETCATALOG_COMPILER_APPICON_NAME = AppIcon;
				ASSETCATALOG_COMPILER_LAUNCHIMAGE_NAME = LaunchImage;
				GCC_PRECOMPILE_PREFIX_HEADER = YES;
				GCC_PREFIX_HEADER = "MasterSheet/MasterSheet-Prefix.pch";
				INFOPLIST_FILE = "MasterSheet/MasterSheet-Info.plist";
				PRODUCT_NAME = "$(TARGET_NAME)";
				WRAPPER_EXTENSION = app;
			};
			name = Debug;
		};
		3623BB6C18FB337F00FE3C4F /* Release */ = {
			isa = XCBuildConfiguration;
			buildSettings = {
				ASSETCATALOG_COMPILER_APPICON_NAME = AppIcon;
				ASSETCATALOG_COMPILER_LAUNCHIMAGE_NAME = LaunchImage;
				GCC_PRECOMPILE_PREFIX_HEADER = YES;
				GCC_PREFIX_HEADER = "MasterSheet/MasterSheet-Prefix.pch";
				INFOPLIST_FILE = "MasterSheet/MasterSheet-Info.plist";
				PRODUCT_NAME = "$(TARGET_NAME)";
				WRAPPER_EXTENSION = app;
			};
			name = Release;
		};
		3623BB6E18FB337F00FE3C4F /* Debug */ = {
			isa = XCBuildConfiguration;
			buildSettings = {
				BUNDLE_LOADER = "$(BUILT_PRODUCTS_DIR)/MasterSheet.app/MasterSheet";
				FRAMEWORK_SEARCH_PATHS = (
					"$(SDKROOT)/Developer/Library/Frameworks",
					"$(inherited)",
					"$(DEVELOPER_FRAMEWORKS_DIR)",
				);
				GCC_PRECOMPILE_PREFIX_HEADER = YES;
				GCC_PREFIX_HEADER = "MasterSheet/MasterSheet-Prefix.pch";
				GCC_PREPROCESSOR_DEFINITIONS = (
					"DEBUG=1",
					"$(inherited)",
				);
				INFOPLIST_FILE = "MasterSheetTests/MasterSheetTests-Info.plist";
				PRODUCT_NAME = "$(TARGET_NAME)";
				TEST_HOST = "$(BUNDLE_LOADER)";
				WRAPPER_EXTENSION = xctest;
			};
			name = Debug;
		};
		3623BB6F18FB337F00FE3C4F /* Release */ = {
			isa = XCBuildConfiguration;
			buildSettings = {
				BUNDLE_LOADER = "$(BUILT_PRODUCTS_DIR)/MasterSheet.app/MasterSheet";
				FRAMEWORK_SEARCH_PATHS = (
					"$(SDKROOT)/Developer/Library/Frameworks",
					"$(inherited)",
					"$(DEVELOPER_FRAMEWORKS_DIR)",
				);
				GCC_PRECOMPILE_PREFIX_HEADER = YES;
				GCC_PREFIX_HEADER = "MasterSheet/MasterSheet-Prefix.pch";
				INFOPLIST_FILE = "MasterSheetTests/MasterSheetTests-Info.plist";
				PRODUCT_NAME = "$(TARGET_NAME)";
				TEST_HOST = "$(BUNDLE_LOADER)";
				WRAPPER_EXTENSION = xctest;
			};
			name = Release;
		};
/* End XCBuildConfiguration section */

/* Begin XCConfigurationList section */
		3623BB2A18FB337F00FE3C4F /* Build configuration list for PBXProject "MasterSheet" */ = {
			isa = XCConfigurationList;
			buildConfigurations = (
				3623BB6818FB337F00FE3C4F /* Debug */,
				3623BB6918FB337F00FE3C4F /* Release */,
			);
			defaultConfigurationIsVisible = 0;
			defaultConfigurationName = Release;
		};
		3623BB6A18FB337F00FE3C4F /* Build configuration list for PBXNativeTarget "MasterSheet" */ = {
			isa = XCConfigurationList;
			buildConfigurations = (
				3623BB6B18FB337F00FE3C4F /* Debug */,
				3623BB6C18FB337F00FE3C4F /* Release */,
			);
			defaultConfigurationIsVisible = 0;
		};
		3623BB6D18FB337F00FE3C4F /* Build configuration list for PBXNativeTarget "MasterSheetTests" */ = {
			isa = XCConfigurationList;
			buildConfigurations = (
				3623BB6E18FB337F00FE3C4F /* Debug */,
				3623BB6F18FB337F00FE3C4F /* Release */,
			);
			defaultConfigurationIsVisible = 0;
		};
/* End XCConfigurationList section */

/* Begin XCVersionGroup section */
		3623BB4918FB337F00FE3C4F /* MasterSheet.xcdatamodeld */ = {
			isa = XCVersionGroup;
			children = (
				3623BB4A18FB337F00FE3C4F /* MasterSheet.xcdatamodel */,
			);
			currentVersion = 3623BB4A18FB337F00FE3C4F /* MasterSheet.xcdatamodel */;
			path = MasterSheet.xcdatamodeld;
			sourceTree = "<group>";
			versionGroupType = wrapper.xcdatamodel;
		};
/* End XCVersionGroup section */
	};
	rootObject = 3623BB2718FB337F00FE3C4F /* Project object */;
}
